
Microsoft Visual Studio Solution File, Format Version 12.00
# Visual Studio Version 17
VisualStudioVersion = 17.10.34814.14
MinimumVisualStudioVersion = 10.0.40219.1
Project("{FAE04EC0-301F-11D3-BF4B-00C04F79EFBC}") = "Lexer", "Lexer\Lexer.csproj", "{906568D7-10FC-478A-8DDE-058C92A28D78}"
EndProject
Project("{FAE04EC0-301F-11D3-BF4B-00C04F79EFBC}") = "Lexer.Tests", "Lexer.Tests\Lexer.Tests.csproj", "{B1B50FB3-5485-47A1-96F3-8E49D4405376}"
EndProject
Global
	GlobalSection(SolutionConfigurationPlatforms) = preSolution
		Debug|Any CPU = Debug|Any CPU
		Release|Any CPU = Release|Any CPU
	EndGlobalSection
	GlobalSection(ProjectConfigurationPlatforms) = postSolution
		{906568D7-10FC-478A-8DDE-058C92A28D78}.Debug|Any CPU.ActiveCfg = Debug|Any CPU
		{906568D7-10FC-478A-8DDE-058C92A28D78}.Debug|Any CPU.Build.0 = Debug|Any CPU
		{906568D7-10FC-478A-8DDE-058C92A28D78}.Release|Any CPU.ActiveCfg = Release|Any CPU
		{906568D7-10FC-478A-8DDE-058C92A28D78}.Release|Any CPU.Build.0 = Release|Any CPU
		{B1B50FB3-5485-47A1-96F3-8E49D4405376}.Debug|Any CPU.ActiveCfg = Debug|Any CPU
		{B1B50FB3-5485-47A1-96F3-8E49D4405376}.Debug|Any CPU.Build.0 = Debug|Any CPU
		{B1B50FB3-5485-47A1-96F3-8E49D4405376}.Release|Any CPU.ActiveCfg = Release|Any CPU
		{B1B50FB3-5485-47A1-96F3-8E49D4405376}.Release|Any CPU.Build.0 = Release|Any CPU
	EndGlobalSection
	GlobalSection(SolutionProperties) = preSolution
		HideSolutionNode = FALSE
	EndGlobalSection
	GlobalSection(ExtensibilityGlobals) = postSolution
		SolutionGuid = {63B8D72F-319A-472E-B7C8-AEE674725B4D}
	EndGlobalSection
EndGlobal
